{
    "name": "my-openclaw-agent",
    "version": "1.0.0",
    "lockfileVersion": 3,
    "requires": true,
    "packages": {
        "": {
            "name": "my-openclaw-agent",
            "version": "1.0.0",
            "dependencies": {
                "@dreambees/openclaw-sdk": "file:../../.."
            }
        },
        "../../..": {},
        "node_modules/@dreambees/openclaw-sdk": {
            "resolved": "../../..",
            "link": true
        }
    }
}
